
Microsoft Visual Studio Solution File, Format Version 12.00
# Visual Studio Version 17
VisualStudioVersion = 17.5.002.0
MinimumVisualStudioVersion = 10.0.40219.1
Project("{9A19103F-16F7-4668-BE54-9A1E7A4F7556}") = "BackEndDataTech", "BackEndDataTech.csproj", "{3B11B508-B366-4FF2-927C-48C7A0372474}"
EndProject
Global
	GlobalSection(SolutionConfigurationPlatforms) = preSolution
		Debug|Any CPU = Debug|Any CPU
		Release|Any CPU = Release|Any CPU
	EndGlobalSection
	GlobalSection(ProjectConfigurationPlatforms) = postSolution
		{3B11B508-B366-4FF2-927C-48C7A0372474}.Debug|Any CPU.ActiveCfg = Debug|Any CPU
		{3B11B508-B366-4FF2-927C-48C7A0372474}.Debug|Any CPU.Build.0 = Debug|Any CPU
		{3B11B508-B366-4FF2-927C-48C7A0372474}.Release|Any CPU.ActiveCfg = Release|Any CPU
		{3B11B508-B366-4FF2-927C-48C7A0372474}.Release|Any CPU.Build.0 = Release|Any CPU
	EndGlobalSection
	GlobalSection(SolutionProperties) = preSolution
		HideSolutionNode = FALSE
	EndGlobalSection
	GlobalSection(ExtensibilityGlobals) = postSolution
		SolutionGuid = {A2B49AF2-06CF-4A9D-9523-5357CBD81565}
	EndGlobalSection
EndGlobal
